# THIS IS AN AUTOGENERATED FILE. DO NOT EDIT THIS FILE DIRECTLY.
# yarn lockfile v1


"@types/node@>=8.1.0":
  version "14.14.16"
  resolved "https://registry.yarnpkg.com/@types/node/-/node-14.14.16.tgz#3cc351f8d48101deadfed4c9e4f116048d437b4b"
  integrity sha512-naXYePhweTi+BMv11TgioE2/FXU4fSl29HAH1ffxVciNsH3rYXjNP2yM8wqmSm7jS20gM8TIklKiTen+1iVncw==

qs@^6.6.0:
  version "6.9.4"
  resolved "https://registry.yarnpkg.com/qs/-/qs-6.9.4.tgz#9090b290d1f91728d3c22e54843ca44aea5ab687"
  integrity sha512-A1kFqHekCTM7cz0udomYUoYNWjBebHm/5wzU/XqrBRBNWectVH0QIiN+NEcZ0Dte5hvzHwbr8+XQmguPhJ6WdQ==

stripe@^8.129.0:
  version "8.129.0"
  resolved "https://registry.yarnpkg.com/stripe/-/stripe-8.129.0.tgz#39faa0d8da6daf96cb8d42ef5932cf9b463c69ae"
  integrity sha512-73b49GQg2+ig6Cet11QhN1WgBab+2xtHy57W4ZLRd9dq146vz+vik+kMQ7UAcTSF5vYyTM5Zo6POMZDPXqzWUg==
  dependencies:
    "@types/node" ">=8.1.0"
    qs "^6.6.0"
